
Microsoft Visual Studio Solution File, Format Version 12.00
# Visual Studio Version 17
VisualStudioVersion = 17.4.33110.190
MinimumVisualStudioVersion = 10.0.40219.1
Project("{FAE04EC0-301F-11D3-BF4B-00C04F79EFBC}") = "Stella Mod Launcher", "Genshin Stella Mod\Stella Mod Launcher.csproj", "{A9DDC941-CB15-4B3C-8BA1-8F559F70480D}"
EndProject
Project("{FAE04EC0-301F-11D3-BF4B-00C04F79EFBC}") = "Prepare Stella Mod", "Install required dependencies\Prepare Stella Mod.csproj", "{377E01DA-E164-4E79-A540-23F68FB2CD8B}"
EndProject
Project("{FAE04EC0-301F-11D3-BF4B-00C04F79EFBC}") = "Configuration window", "First app launch\Configuration window.csproj", "{91FBB412-D343-4E78-95B5-F18E6EB6001C}"
EndProject
Global
	GlobalSection(SolutionConfigurationPlatforms) = preSolution
		Debug|Any CPU = Debug|Any CPU
		Release|Any CPU = Release|Any CPU
	EndGlobalSection
	GlobalSection(ProjectConfigurationPlatforms) = postSolution
		{A9DDC941-CB15-4B3C-8BA1-8F559F70480D}.Debug|Any CPU.ActiveCfg = Debug|Any CPU
		{A9DDC941-CB15-4B3C-8BA1-8F559F70480D}.Debug|Any CPU.Build.0 = Debug|Any CPU
		{A9DDC941-CB15-4B3C-8BA1-8F559F70480D}.Release|Any CPU.ActiveCfg = Release|Any CPU
		{A9DDC941-CB15-4B3C-8BA1-8F559F70480D}.Release|Any CPU.Build.0 = Release|Any CPU
		{377E01DA-E164-4E79-A540-23F68FB2CD8B}.Debug|Any CPU.ActiveCfg = Debug|Any CPU
		{377E01DA-E164-4E79-A540-23F68FB2CD8B}.Debug|Any CPU.Build.0 = Debug|Any CPU
		{377E01DA-E164-4E79-A540-23F68FB2CD8B}.Release|Any CPU.ActiveCfg = Release|Any CPU
		{377E01DA-E164-4E79-A540-23F68FB2CD8B}.Release|Any CPU.Build.0 = Release|Any CPU
		{91FBB412-D343-4E78-95B5-F18E6EB6001C}.Debug|Any CPU.ActiveCfg = Debug|Any CPU
		{91FBB412-D343-4E78-95B5-F18E6EB6001C}.Debug|Any CPU.Build.0 = Debug|Any CPU
		{91FBB412-D343-4E78-95B5-F18E6EB6001C}.Release|Any CPU.ActiveCfg = Release|Any CPU
		{91FBB412-D343-4E78-95B5-F18E6EB6001C}.Release|Any CPU.Build.0 = Release|Any CPU
	EndGlobalSection
	GlobalSection(SolutionProperties) = preSolution
		HideSolutionNode = FALSE
	EndGlobalSection
	GlobalSection(ExtensibilityGlobals) = postSolution
		RESX_NeutralResourcesLanguage = en-US
		RESX_SaveFilesImmediatelyUponChange = True
		RESX_PrefixTranslations = False
		SolutionGuid = {DDABFAAF-62E1-4807-820C-8A87AAE3C15D}
	EndGlobalSection
EndGlobal
